
Microsoft Visual Studio Solution File, Format Version 12.00
# Visual Studio Version 16
VisualStudioVersion = 16.0.29324.140
MinimumVisualStudioVersion = 10.0.40219.1
Project("{9A19103F-16F7-4668-BE54-9A1E7A4F7556}") = "SqlPassInstallerFunc", "SqlPassInstaller\SqlPassInstallerFunc.csproj", "{D4407969-E028-4790-AD7B-AEEC1F79E9D1}"
EndProject
Global
	GlobalSection(SolutionConfigurationPlatforms) = preSolution
		Debug|Any CPU = Debug|Any CPU
		Release|Any CPU = Release|Any CPU
	EndGlobalSection
	GlobalSection(ProjectConfigurationPlatforms) = postSolution
		{D4407969-E028-4790-AD7B-AEEC1F79E9D1}.Debug|Any CPU.ActiveCfg = Debug|Any CPU
		{D4407969-E028-4790-AD7B-AEEC1F79E9D1}.Debug|Any CPU.Build.0 = Debug|Any CPU
		{D4407969-E028-4790-AD7B-AEEC1F79E9D1}.Release|Any CPU.ActiveCfg = Release|Any CPU
		{D4407969-E028-4790-AD7B-AEEC1F79E9D1}.Release|Any CPU.Build.0 = Release|Any CPU
	EndGlobalSection
	GlobalSection(SolutionProperties) = preSolution
		HideSolutionNode = FALSE
	EndGlobalSection
	GlobalSection(ExtensibilityGlobals) = postSolution
		SolutionGuid = {DDCC34F4-12E2-489C-9939-7162C048B373}
	EndGlobalSection
EndGlobal
